
Microsoft Visual Studio Solution File, Format Version 12.00
# Visual Studio Version 16
VisualStudioVersion = 16.0.29806.167
MinimumVisualStudioVersion = 10.0.40219.1
Project("{FAE04EC0-301F-11D3-BF4B-00C04F79EFBC}") = "TextTableFormatter", "TextTableFormatter\TextTableFormatter.csproj", "{6C899F4D-9A0D-46AC-BCDB-60A8EE58C23C}"
EndProject
Project("{FAE04EC0-301F-11D3-BF4B-00C04F79EFBC}") = "TextTableFormatter.UnitTests", "TextTableFormatter.UnitTests\TextTableFormatter.UnitTests.csproj", "{FB1AC220-3695-4D7A-B02B-B7013CF77DBE}"
EndProject
Project("{FAE04EC0-301F-11D3-BF4B-00C04F79EFBC}") = "TextTableFormatter.ConsoleApp", "TextTableFormatter.ConsoleApp\TextTableFormatter.ConsoleApp.csproj", "{061E51A8-DE6D-489A-9B6E-5D78549FFA50}"
EndProject
Global
	GlobalSection(SolutionConfigurationPlatforms) = preSolution
		Debug|Any CPU = Debug|Any CPU
		Release|Any CPU = Release|Any CPU
	EndGlobalSection
	GlobalSection(ProjectConfigurationPlatforms) = postSolution
		{6C899F4D-9A0D-46AC-BCDB-60A8EE58C23C}.Debug|Any CPU.ActiveCfg = Debug|Any CPU
		{6C899F4D-9A0D-46AC-BCDB-60A8EE58C23C}.Debug|Any CPU.Build.0 = Debug|Any CPU
		{6C899F4D-9A0D-46AC-BCDB-60A8EE58C23C}.Release|Any CPU.ActiveCfg = Release|Any CPU
		{6C899F4D-9A0D-46AC-BCDB-60A8EE58C23C}.Release|Any CPU.Build.0 = Release|Any CPU
		{FB1AC220-3695-4D7A-B02B-B7013CF77DBE}.Debug|Any CPU.ActiveCfg = Debug|Any CPU
		{FB1AC220-3695-4D7A-B02B-B7013CF77DBE}.Debug|Any CPU.Build.0 = Debug|Any CPU
		{FB1AC220-3695-4D7A-B02B-B7013CF77DBE}.Release|Any CPU.ActiveCfg = Release|Any CPU
		{FB1AC220-3695-4D7A-B02B-B7013CF77DBE}.Release|Any CPU.Build.0 = Release|Any CPU
		{061E51A8-DE6D-489A-9B6E-5D78549FFA50}.Debug|Any CPU.ActiveCfg = Debug|Any CPU
		{061E51A8-DE6D-489A-9B6E-5D78549FFA50}.Debug|Any CPU.Build.0 = Debug|Any CPU
		{061E51A8-DE6D-489A-9B6E-5D78549FFA50}.Release|Any CPU.ActiveCfg = Release|Any CPU
		{061E51A8-DE6D-489A-9B6E-5D78549FFA50}.Release|Any CPU.Build.0 = Release|Any CPU
	EndGlobalSection
	GlobalSection(SolutionProperties) = preSolution
		HideSolutionNode = FALSE
	EndGlobalSection
	GlobalSection(ExtensibilityGlobals) = postSolution
		SolutionGuid = {4D78D09F-AE0F-4B80-884B-1372918BAC96}
	EndGlobalSection
EndGlobal
